
Microsoft Visual Studio Solution File, Format Version 12.00
# Visual Studio Version 17
VisualStudioVersion = 17.13.35919.96
MinimumVisualStudioVersion = 10.0.40219.1
Project("{8BC9CEB8-8B4A-11D0-8D11-00A0C91BC942}") = "Program", "Program.vcxproj", "{27CE4C1E-A89D-4F35-99F6-C04B16C8A343}"
EndProject
Project("{8BC9CEB8-8B4A-11D0-8D11-00A0C91BC942}") = "Class 1th (compile)", "..\Class 1th (compile)\Class 1th (compile).vcxproj", "{E8446828-2EE5-48F1-A6BE-70B069F38919}"
EndProject
Project("{8BC9CEB8-8B4A-11D0-8D11-00A0C91BC942}") = "Class 2nd (Variable & Constant)", "..\Class 2nd ()\Class 2nd ().vcxproj", "{C8A50005-14DE-4EE3-ADE2-5F50B3664C24}"
EndProject
Project("{8BC9CEB8-8B4A-11D0-8D11-00A0C91BC942}") = "Class3rd (Bit)", "..\Class3rd (Bit)\Class3rd (Bit).vcxproj", "{6B96BBFC-379B-49CC-BF7E-6ABBEB986F45}"
EndProject
Project("{8BC9CEB8-8B4A-11D0-8D11-00A0C91BC942}") = "Class4th (Overflow & Underflow)", "..\Class4th (Overflow & Underflow)\Class4th (Overflow & Underflow).vcxproj", "{9C72AF35-FFCE-47A1-9E9C-CC567C914FC8}"
EndProject
Project("{8BC9CEB8-8B4A-11D0-8D11-00A0C91BC942}") = "Class5th (Conditional Statement)", "..\Class5th (Conditional Statement)\Class5th (Conditional Statement).vcxproj", "{C7F2FBC3-074E-4026-B4C7-73CDB44DF77F}"
EndProject
Global
	GlobalSection(SolutionConfigurationPlatforms) = preSolution
		Debug|Any CPU = Debug|Any CPU
		Debug|x64 = Debug|x64
		Debug|x86 = Debug|x86
		Release|Any CPU = Release|Any CPU
		Release|x64 = Release|x64
		Release|x86 = Release|x86
	EndGlobalSection
	GlobalSection(ProjectConfigurationPlatforms) = postSolution
		{27CE4C1E-A89D-4F35-99F6-C04B16C8A343}.Debug|Any CPU.ActiveCfg = Debug|x64
		{27CE4C1E-A89D-4F35-99F6-C04B16C8A343}.Debug|Any CPU.Build.0 = Debug|x64
		{27CE4C1E-A89D-4F35-99F6-C04B16C8A343}.Debug|x64.ActiveCfg = Debug|x64
		{27CE4C1E-A89D-4F35-99F6-C04B16C8A343}.Debug|x64.Build.0 = Debug|x64
		{27CE4C1E-A89D-4F35-99F6-C04B16C8A343}.Debug|x86.ActiveCfg = Debug|Win32
		{27CE4C1E-A89D-4F35-99F6-C04B16C8A343}.Debug|x86.Build.0 = Debug|Win32
		{27CE4C1E-A89D-4F35-99F6-C04B16C8A343}.Release|Any CPU.ActiveCfg = Release|x64
		{27CE4C1E-A89D-4F35-99F6-C04B16C8A343}.Release|Any CPU.Build.0 = Release|x64
		{27CE4C1E-A89D-4F35-99F6-C04B16C8A343}.Release|x64.ActiveCfg = Release|x64
		{27CE4C1E-A89D-4F35-99F6-C04B16C8A343}.Release|x64.Build.0 = Release|x64
		{27CE4C1E-A89D-4F35-99F6-C04B16C8A343}.Release|x86.ActiveCfg = Release|Win32
		{27CE4C1E-A89D-4F35-99F6-C04B16C8A343}.Release|x86.Build.0 = Release|Win32
		{E8446828-2EE5-48F1-A6BE-70B069F38919}.Debug|Any CPU.ActiveCfg = Debug|x64
		{E8446828-2EE5-48F1-A6BE-70B069F38919}.Debug|Any CPU.Build.0 = Debug|x64
		{E8446828-2EE5-48F1-A6BE-70B069F38919}.Debug|x64.ActiveCfg = Debug|x64
		{E8446828-2EE5-48F1-A6BE-70B069F38919}.Debug|x64.Build.0 = Debug|x64
		{E8446828-2EE5-48F1-A6BE-70B069F38919}.Debug|x86.ActiveCfg = Debug|Win32
		{E8446828-2EE5-48F1-A6BE-70B069F38919}.Debug|x86.Build.0 = Debug|Win32
		{E8446828-2EE5-48F1-A6BE-70B069F38919}.Release|Any CPU.ActiveCfg = Release|x64
		{E8446828-2EE5-48F1-A6BE-70B069F38919}.Release|Any CPU.Build.0 = Release|x64
		{E8446828-2EE5-48F1-A6BE-70B069F38919}.Release|x64.ActiveCfg = Release|x64
		{E8446828-2EE5-48F1-A6BE-70B069F38919}.Release|x64.Build.0 = Release|x64
		{E8446828-2EE5-48F1-A6BE-70B069F38919}.Release|x86.ActiveCfg = Release|Win32
		{E8446828-2EE5-48F1-A6BE-70B069F38919}.Release|x86.Build.0 = Release|Win32
		{C8A50005-14DE-4EE3-ADE2-5F50B3664C24}.Debug|Any CPU.ActiveCfg = Debug|x64
		{C8A50005-14DE-4EE3-ADE2-5F50B3664C24}.Debug|Any CPU.Build.0 = Debug|x64
		{C8A50005-14DE-4EE3-ADE2-5F50B3664C24}.Debug|x64.ActiveCfg = Debug|x64
		{C8A50005-14DE-4EE3-ADE2-5F50B3664C24}.Debug|x64.Build.0 = Debug|x64
		{C8A50005-14DE-4EE3-ADE2-5F50B3664C24}.Debug|x86.ActiveCfg = Debug|Win32
		{C8A50005-14DE-4EE3-ADE2-5F50B3664C24}.Debug|x86.Build.0 = Debug|Win32
		{C8A50005-14DE-4EE3-ADE2-5F50B3664C24}.Release|Any CPU.ActiveCfg = Release|x64
		{C8A50005-14DE-4EE3-ADE2-5F50B3664C24}.Release|Any CPU.Build.0 = Release|x64
		{C8A50005-14DE-4EE3-ADE2-5F50B3664C24}.Release|x64.ActiveCfg = Release|x64
		{C8A50005-14DE-4EE3-ADE2-5F50B3664C24}.Release|x64.Build.0 = Release|x64
		{C8A50005-14DE-4EE3-ADE2-5F50B3664C24}.Release|x86.ActiveCfg = Release|Win32
		{C8A50005-14DE-4EE3-ADE2-5F50B3664C24}.Release|x86.Build.0 = Release|Win32
		{6B96BBFC-379B-49CC-BF7E-6ABBEB986F45}.Debug|Any CPU.ActiveCfg = Debug|x64
		{6B96BBFC-379B-49CC-BF7E-6ABBEB986F45}.Debug|Any CPU.Build.0 = Debug|x64
		{6B96BBFC-379B-49CC-BF7E-6ABBEB986F45}.Debug|x64.ActiveCfg = Debug|x64
		{6B96BBFC-379B-49CC-BF7E-6ABBEB986F45}.Debug|x64.Build.0 = Debug|x64
		{6B96BBFC-379B-49CC-BF7E-6ABBEB986F45}.Debug|x86.ActiveCfg = Debug|Win32
		{6B96BBFC-379B-49CC-BF7E-6ABBEB986F45}.Debug|x86.Build.0 = Debug|Win32
		{6B96BBFC-379B-49CC-BF7E-6ABBEB986F45}.Release|Any CPU.ActiveCfg = Release|x64
		{6B96BBFC-379B-49CC-BF7E-6ABBEB986F45}.Release|Any CPU.Build.0 = Release|x64
		{6B96BBFC-379B-49CC-BF7E-6ABBEB986F45}.Release|x64.ActiveCfg = Release|x64
		{6B96BBFC-379B-49CC-BF7E-6ABBEB986F45}.Release|x64.Build.0 = Release|x64
		{6B96BBFC-379B-49CC-BF7E-6ABBEB986F45}.Release|x86.ActiveCfg = Release|Win32
		{6B96BBFC-379B-49CC-BF7E-6ABBEB986F45}.Release|x86.Build.0 = Release|Win32
		{9C72AF35-FFCE-47A1-9E9C-CC567C914FC8}.Debug|Any CPU.ActiveCfg = Debug|x64
		{9C72AF35-FFCE-47A1-9E9C-CC567C914FC8}.Debug|Any CPU.Build.0 = Debug|x64
		{9C72AF35-FFCE-47A1-9E9C-CC567C914FC8}.Debug|x64.ActiveCfg = Debug|x64
		{9C72AF35-FFCE-47A1-9E9C-CC567C914FC8}.Debug|x64.Build.0 = Debug|x64
		{9C72AF35-FFCE-47A1-9E9C-CC567C914FC8}.Debug|x86.ActiveCfg = Debug|Win32
		{9C72AF35-FFCE-47A1-9E9C-CC567C914FC8}.Debug|x86.Build.0 = Debug|Win32
		{9C72AF35-FFCE-47A1-9E9C-CC567C914FC8}.Release|Any CPU.ActiveCfg = Release|x64
		{9C72AF35-FFCE-47A1-9E9C-CC567C914FC8}.Release|Any CPU.Build.0 = Release|x64
		{9C72AF35-FFCE-47A1-9E9C-CC567C914FC8}.Release|x64.ActiveCfg = Release|x64
		{9C72AF35-FFCE-47A1-9E9C-CC567C914FC8}.Release|x64.Build.0 = Release|x64
		{9C72AF35-FFCE-47A1-9E9C-CC567C914FC8}.Release|x86.ActiveCfg = Release|Win32
		{9C72AF35-FFCE-47A1-9E9C-CC567C914FC8}.Release|x86.Build.0 = Release|Win32
		{C7F2FBC3-074E-4026-B4C7-73CDB44DF77F}.Debug|Any CPU.ActiveCfg = Debug|x64
		{C7F2FBC3-074E-4026-B4C7-73CDB44DF77F}.Debug|Any CPU.Build.0 = Debug|x64
		{C7F2FBC3-074E-4026-B4C7-73CDB44DF77F}.Debug|x64.ActiveCfg = Debug|x64
		{C7F2FBC3-074E-4026-B4C7-73CDB44DF77F}.Debug|x64.Build.0 = Debug|x64
		{C7F2FBC3-074E-4026-B4C7-73CDB44DF77F}.Debug|x86.ActiveCfg = Debug|Win32
		{C7F2FBC3-074E-4026-B4C7-73CDB44DF77F}.Debug|x86.Build.0 = Debug|Win32
		{C7F2FBC3-074E-4026-B4C7-73CDB44DF77F}.Release|Any CPU.ActiveCfg = Release|x64
		{C7F2FBC3-074E-4026-B4C7-73CDB44DF77F}.Release|Any CPU.Build.0 = Release|x64
		{C7F2FBC3-074E-4026-B4C7-73CDB44DF77F}.Release|x64.ActiveCfg = Release|x64
		{C7F2FBC3-074E-4026-B4C7-73CDB44DF77F}.Release|x64.Build.0 = Release|x64
		{C7F2FBC3-074E-4026-B4C7-73CDB44DF77F}.Release|x86.ActiveCfg = Release|Win32
		{C7F2FBC3-074E-4026-B4C7-73CDB44DF77F}.Release|x86.Build.0 = Release|Win32
	EndGlobalSection
	GlobalSection(SolutionProperties) = preSolution
		HideSolutionNode = FALSE
	EndGlobalSection
	GlobalSection(ExtensibilityGlobals) = postSolution
		SolutionGuid = {8D7B59D6-23FD-4965-8E42-4AA928CE519F}
	EndGlobalSection
EndGlobal
